// !$*UTF8*$!
{
	archiveVersion = 1;
	classes = {
	};
	objectVersion = 55;
	objects = {

/* Begin PBXBuildFile section */
		491A861D2829C65F003CCD6B /* Employee.swift in Sources */ = {isa = PBXBuildFile; fileRef = 491A861C2829C65F003CCD6B /* Employee.swift */; };
		491A861F2829C9A2003CCD6B /* Fetchable.swift in Sources */ = {isa = PBXBuildFile; fileRef = 491A861E2829C9A2003CCD6B /* Fetchable.swift */; };
		491A86242829FEA2003CCD6B /* EmployeeApiClient.swift in Sources */ = {isa = PBXBuildFile; fileRef = 491A86232829FEA2003CCD6B /* EmployeeApiClient.swift */; };
		491A862A282AC09F003CCD6B /* EmptyStateView.swift in Sources */ = {isa = PBXBuildFile; fileRef = 491A8629282AC09F003CCD6B /* EmptyStateView.swift */; };
		491A862C282B0467003CCD6B /* Views+Extensions.swift in Sources */ = {isa = PBXBuildFile; fileRef = 491A862B282B0467003CCD6B /* Views+Extensions.swift */; };
		49483FC728298E0B000B7C87 /* AppDelegate.swift in Sources */ = {isa = PBXBuildFile; fileRef = 49483FC628298E0B000B7C87 /* AppDelegate.swift */; };
		49483FC928298E0B000B7C87 /* SceneDelegate.swift in Sources */ = {isa = PBXBuildFile; fileRef = 49483FC828298E0B000B7C87 /* SceneDelegate.swift */; };
		49483FCB28298E0B000B7C87 /* EmployeeListViewController.swift in Sources */ = {isa = PBXBuildFile; fileRef = 49483FCA28298E0B000B7C87 /* EmployeeListViewController.swift */; };
		49483FD028298E0C000B7C87 /* Assets.xcassets in Resources */ = {isa = PBXBuildFile; fileRef = 49483FCF28298E0C000B7C87 /* Assets.xcassets */; };
		49483FD328298E0C000B7C87 /* LaunchScreen.storyboard in Resources */ = {isa = PBXBuildFile; fileRef = 49483FD128298E0C000B7C87 /* LaunchScreen.storyboard */; };
		49483FDE28298E0C000B7C87 /* RolodexTests.swift in Sources */ = {isa = PBXBuildFile; fileRef = 49483FDD28298E0C000B7C87 /* RolodexTests.swift */; };
		49483FE828298E0C000B7C87 /* RolodexUITests.swift in Sources */ = {isa = PBXBuildFile; fileRef = 49483FE728298E0C000B7C87 /* RolodexUITests.swift */; };
		49483FEA28298E0C000B7C87 /* RolodexUITestsLaunchTests.swift in Sources */ = {isa = PBXBuildFile; fileRef = 49483FE928298E0C000B7C87 /* RolodexUITestsLaunchTests.swift */; };
/* End PBXBuildFile section */

/* Begin PBXContainerItemProxy section */
		49483FDA28298E0C000B7C87 /* PBXContainerItemProxy */ = {
			isa = PBXContainerItemProxy;
			containerPortal = 49483FBB28298E0B000B7C87 /* Project object */;
			proxyType = 1;
			remoteGlobalIDString = 49483FC228298E0B000B7C87;
			remoteInfo = Rolodex;
		};
		49483FE428298E0C000B7C87 /* PBXContainerItemProxy */ = {
			isa = PBXContainerItemProxy;
			containerPortal = 49483FBB28298E0B000B7C87 /* Project object */;
			proxyType = 1;
			remoteGlobalIDString = 49483FC228298E0B000B7C87;
			remoteInfo = Rolodex;
		};
/* End PBXContainerItemProxy section */

/* Begin PBXFileReference section */
		491A861C2829C65F003CCD6B /* Employee.swift */ = {isa = PBXFileReference; lastKnownFileType = sourcecode.swift; path = Employee.swift; sourceTree = "<group>"; };
		491A861E2829C9A2003CCD6B /* Fetchable.swift */ = {isa = PBXFileReference; lastKnownFileType = sourcecode.swift; path = Fetchable.swift; sourceTree = "<group>"; };
		491A86232829FEA2003CCD6B /* EmployeeApiClient.swift */ = {isa = PBXFileReference; lastKnownFileType = sourcecode.swift; path = EmployeeApiClient.swift; sourceTree = "<group>"; };
		491A8629282AC09F003CCD6B /* EmptyStateView.swift */ = {isa = PBXFileReference; lastKnownFileType = sourcecode.swift; path = EmptyStateView.swift; sourceTree = "<group>"; };
		491A862B282B0467003CCD6B /* Views+Extensions.swift */ = {isa = PBXFileReference; lastKnownFileType = sourcecode.swift; path = "Views+Extensions.swift"; sourceTree = "<group>"; };
		49483FC328298E0B000B7C87 /* Rolodex.app */ = {isa = PBXFileReference; explicitFileType = wrapper.application; includeInIndex = 0; path = Rolodex.app; sourceTree = BUILT_PRODUCTS_DIR; };
		49483FC628298E0B000B7C87 /* AppDelegate.swift */ = {isa = PBXFileReference; lastKnownFileType = sourcecode.swift; path = AppDelegate.swift; sourceTree = "<group>"; };
		49483FC828298E0B000B7C87 /* SceneDelegate.swift */ = {isa = PBXFileReference; lastKnownFileType = sourcecode.swift; path = SceneDelegate.swift; sourceTree = "<group>"; };
		49483FCA28298E0B000B7C87 /* EmployeeListViewController.swift */ = {isa = PBXFileReference; lastKnownFileType = sourcecode.swift; path = EmployeeListViewController.swift; sourceTree = "<group>"; };
		49483FCF28298E0C000B7C87 /* Assets.xcassets */ = {isa = PBXFileReference; lastKnownFileType = folder.assetcatalog; path = Assets.xcassets; sourceTree = "<group>"; };
		49483FD228298E0C000B7C87 /* Base */ = {isa = PBXFileReference; lastKnownFileType = file.storyboard; name = Base; path = Base.lproj/LaunchScreen.storyboard; sourceTree = "<group>"; };
		49483FD428298E0C000B7C87 /* Info.plist */ = {isa = PBXFileReference; lastKnownFileType = text.plist.xml; path = Info.plist; sourceTree = "<group>"; };
		49483FD928298E0C000B7C87 /* RolodexTests.xctest */ = {isa = PBXFileReference; explicitFileType = wrapper.cfbundle; includeInIndex = 0; path = RolodexTests.xctest; sourceTree = BUILT_PRODUCTS_DIR; };
		49483FDD28298E0C000B7C87 /* RolodexTests.swift */ = {isa = PBXFileReference; lastKnownFileType = sourcecode.swift; path = RolodexTests.swift; sourceTree = "<group>"; };
		49483FE328298E0C000B7C87 /* RolodexUITests.xctest */ = {isa = PBXFileReference; explicitFileType = wrapper.cfbundle; includeInIndex = 0; path = RolodexUITests.xctest; sourceTree = BUILT_PRODUCTS_DIR; };
		49483FE728298E0C000B7C87 /* RolodexUITests.swift */ = {isa = PBXFileReference; lastKnownFileType = sourcecode.swift; path = RolodexUITests.swift; sourceTree = "<group>"; };
		49483FE928298E0C000B7C87 /* RolodexUITestsLaunchTests.swift */ = {isa = PBXFileReference; lastKnownFileType = sourcecode.swift; path = RolodexUITestsLaunchTests.swift; sourceTree = "<group>"; };
/* End PBXFileReference section */

/* Begin PBXFrameworksBuildPhase section */
		49483FC028298E0B000B7C87 /* Frameworks */ = {
			isa = PBXFrameworksBuildPhase;
			buildActionMask = 2147483647;
			files = (
			);
			runOnlyForDeploymentPostprocessing = 0;
		};
		49483FD628298E0C000B7C87 /* Frameworks */ = {
			isa = PBXFrameworksBuildPhase;
			buildActionMask = 2147483647;
			files = (
			);
			runOnlyForDeploymentPostprocessing = 0;
		};
		49483FE028298E0C000B7C87 /* Frameworks */ = {
			isa = PBXFrameworksBuildPhase;
			buildActionMask = 2147483647;
			files = (
			);
			runOnlyForDeploymentPostprocessing = 0;
		};
/* End PBXFrameworksBuildPhase section */

/* Begin PBXGroup section */
		491A86172829C589003CCD6B /* Ressources */ = {
			isa = PBXGroup;
			children = (
				49483FCF28298E0C000B7C87 /* Assets.xcassets */,
				49483FD128298E0C000B7C87 /* LaunchScreen.storyboard */,
			);
			path = Ressources;
			sourceTree = "<group>";
		};
		491A86182829C5AF003CCD6B /* App */ = {
			isa = PBXGroup;
			children = (
				49483FC628298E0B000B7C87 /* AppDelegate.swift */,
				49483FC828298E0B000B7C87 /* SceneDelegate.swift */,
			);
			path = App;
			sourceTree = "<group>";
		};
		491A86192829C5C5003CCD6B /* Source */ = {
			isa = PBXGroup;
			children = (
				491A8628282AC093003CCD6B /* Views */,
				491A861A2829C634003CCD6B /* Controllers */,
				491A861B2829C64A003CCD6B /* Models */,
				491A86222829FE25003CCD6B /* Client */,
			);
			path = Source;
			sourceTree = "<group>";
		};
		491A861A2829C634003CCD6B /* Controllers */ = {
			isa = PBXGroup;
			children = (
				49483FCA28298E0B000B7C87 /* EmployeeListViewController.swift */,
			);
			path = Controllers;
			sourceTree = "<group>";
		};
		491A861B2829C64A003CCD6B /* Models */ = {
			isa = PBXGroup;
			children = (
				491A861E2829C9A2003CCD6B /* Fetchable.swift */,
				491A861C2829C65F003CCD6B /* Employee.swift */,
			);
			path = Models;
			sourceTree = "<group>";
		};
		491A86222829FE25003CCD6B /* Client */ = {
			isa = PBXGroup;
			children = (
				491A86232829FEA2003CCD6B /* EmployeeApiClient.swift */,
			);
			path = Client;
			sourceTree = "<group>";
		};
		491A8628282AC093003CCD6B /* Views */ = {
			isa = PBXGroup;
			children = (
				491A8629282AC09F003CCD6B /* EmptyStateView.swift */,
				491A862B282B0467003CCD6B /* Views+Extensions.swift */,
			);
			path = Views;
			sourceTree = "<group>";
		};
		49483FBA28298E0B000B7C87 = {
			isa = PBXGroup;
			children = (
				49483FC528298E0B000B7C87 /* Rolodex */,
				49483FDC28298E0C000B7C87 /* RolodexTests */,
				49483FE628298E0C000B7C87 /* RolodexUITests */,
				49483FC428298E0B000B7C87 /* Products */,
			);
			sourceTree = "<group>";
		};
		49483FC428298E0B000B7C87 /* Products */ = {
			isa = PBXGroup;
			children = (
				49483FC328298E0B000B7C87 /* Rolodex.app */,
				49483FD928298E0C000B7C87 /* RolodexTests.xctest */,
				49483FE328298E0C000B7C87 /* RolodexUITests.xctest */,
			);
			name = Products;
			sourceTree = "<group>";
		};
		49483FC528298E0B000B7C87 /* Rolodex */ = {
			isa = PBXGroup;
			children = (
				491A86182829C5AF003CCD6B /* App */,
				491A86192829C5C5003CCD6B /* Source */,
				491A86172829C589003CCD6B /* Ressources */,
				49483FD428298E0C000B7C87 /* Info.plist */,
			);
			path = Rolodex;
			sourceTree = "<group>";
		};
		49483FDC28298E0C000B7C87 /* RolodexTests */ = {
			isa = PBXGroup;
			children = (
				49483FDD28298E0C000B7C87 /* RolodexTests.swift */,
			);
			path = RolodexTests;
			sourceTree = "<group>";
		};
		49483FE628298E0C000B7C87 /* RolodexUITests */ = {
			isa = PBXGroup;
			children = (
				49483FE728298E0C000B7C87 /* RolodexUITests.swift */,
				49483FE928298E0C000B7C87 /* RolodexUITestsLaunchTests.swift */,
			);
			path = RolodexUITests;
			sourceTree = "<group>";
		};
/* End PBXGroup section */

/* Begin PBXNativeTarget section */
		49483FC228298E0B000B7C87 /* Rolodex */ = {
			isa = PBXNativeTarget;
			buildConfigurationList = 49483FED28298E0C000B7C87 /* Build configuration list for PBXNativeTarget "Rolodex" */;
			buildPhases = (
				49483FBF28298E0B000B7C87 /* Sources */,
				49483FC028298E0B000B7C87 /* Frameworks */,
				49483FC128298E0B000B7C87 /* Resources */,
			);
			buildRules = (
			);
			dependencies = (
			);
			name = Rolodex;
			productName = Rolodex;
			productReference = 49483FC328298E0B000B7C87 /* Rolodex.app */;
			productType = "com.apple.product-type.application";
		};
		49483FD828298E0C000B7C87 /* RolodexTests */ = {
			isa = PBXNativeTarget;
			buildConfigurationList = 49483FF028298E0C000B7C87 /* Build configuration list for PBXNativeTarget "RolodexTests" */;
			buildPhases = (
				49483FD528298E0C000B7C87 /* Sources */,
				49483FD628298E0C000B7C87 /* Frameworks */,
				49483FD728298E0C000B7C87 /* Resources */,
			);
			buildRules = (
			);
			dependencies = (
				49483FDB28298E0C000B7C87 /* PBXTargetDependency */,
			);
			name = RolodexTests;
			productName = RolodexTests;
			productReference = 49483FD928298E0C000B7C87 /* RolodexTests.xctest */;
			productType = "com.apple.product-type.bundle.unit-test";
		};
		49483FE228298E0C000B7C87 /* RolodexUITests */ = {
			isa = PBXNativeTarget;
			buildConfigurationList = 49483FF328298E0C000B7C87 /* Build configuration list for PBXNativeTarget "RolodexUITests" */;
			buildPhases = (
				49483FDF28298E0C000B7C87 /* Sources */,
				49483FE028298E0C000B7C87 /* Frameworks */,
				49483FE128298E0C000B7C87 /* Resources */,
			);
			buildRules = (
			);
			dependencies = (
				49483FE528298E0C000B7C87 /* PBXTargetDependency */,
			);
			name = RolodexUITests;
			productName = RolodexUITests;
			productReference = 49483FE328298E0C000B7C87 /* RolodexUITests.xctest */;
			productType = "com.apple.product-type.bundle.ui-testing";
		};
/* End PBXNativeTarget section */

/* Begin PBXProject section */
		49483FBB28298E0B000B7C87 /* Project object */ = {
			isa = PBXProject;
			attributes = {
				BuildIndependentTargetsInParallel = 1;
				LastSwiftUpdateCheck = 1320;
				LastUpgradeCheck = 1320;
				TargetAttributes = {
					49483FC228298E0B000B7C87 = {
						CreatedOnToolsVersion = 13.2.1;
					};
					49483FD828298E0C000B7C87 = {
						CreatedOnToolsVersion = 13.2.1;
						TestTargetID = 49483FC228298E0B000B7C87;
					};
					49483FE228298E0C000B7C87 = {
						CreatedOnToolsVersion = 13.2.1;
						TestTargetID = 49483FC228298E0B000B7C87;
					};
				};
			};
			buildConfigurationList = 49483FBE28298E0B000B7C87 /* Build configuration list for PBXProject "Rolodex" */;
			compatibilityVersion = "Xcode 13.0";
			developmentRegion = en;
			hasScannedForEncodings = 0;
			knownRegions = (
				en,
				Base,
			);
			mainGroup = 49483FBA28298E0B000B7C87;
			productRefGroup = 49483FC428298E0B000B7C87 /* Products */;
			projectDirPath = "";
			projectRoot = "";
			targets = (
				49483FC228298E0B000B7C87 /* Rolodex */,
				49483FD828298E0C000B7C87 /* RolodexTests */,
				49483FE228298E0C000B7C87 /* RolodexUITests */,
			);
		};
/* End PBXProject section */

/* Begin PBXResourcesBuildPhase section */
		49483FC128298E0B000B7C87 /* Resources */ = {
			isa = PBXResourcesBuildPhase;
			buildActionMask = 2147483647;
			files = (
				49483FD328298E0C000B7C87 /* LaunchScreen.storyboard in Resources */,
				49483FD028298E0C000B7C87 /* Assets.xcassets in Resources */,
			);
			runOnlyForDeploymentPostprocessing = 0;
		};
		49483FD728298E0C000B7C87 /* Resources */ = {
			isa = PBXResourcesBuildPhase;
			buildActionMask = 2147483647;
			files = (
			);
			runOnlyForDeploymentPostprocessing = 0;
		};
		49483FE128298E0C000B7C87 /* Resources */ = {
			isa = PBXResourcesBuildPhase;
			buildActionMask = 2147483647;
			files = (
			);
			runOnlyForDeploymentPostprocessing = 0;
		};
/* End PBXResourcesBuildPhase section */

/* Begin PBXSourcesBuildPhase section */
		49483FBF28298E0B000B7C87 /* Sources */ = {
			isa = PBXSourcesBuildPhase;
			buildActionMask = 2147483647;
			files = (
				49483FCB28298E0B000B7C87 /* EmployeeListViewController.swift in Sources */,
				491A86242829FEA2003CCD6B /* EmployeeApiClient.swift in Sources */,
				491A862C282B0467003CCD6B /* Views+Extensions.swift in Sources */,
				491A861D2829C65F003CCD6B /* Employee.swift in Sources */,
				49483FC728298E0B000B7C87 /* AppDelegate.swift in Sources */,
				491A861F2829C9A2003CCD6B /* Fetchable.swift in Sources */,
				49483FC928298E0B000B7C87 /* SceneDelegate.swift in Sources */,
				491A862A282AC09F003CCD6B /* EmptyStateView.swift in Sources */,
			);
			runOnlyForDeploymentPostprocessing = 0;
		};
		49483FD528298E0C000B7C87 /* Sources */ = {
			isa = PBXSourcesBuildPhase;
			buildActionMask = 2147483647;
			files = (
				49483FDE28298E0C000B7C87 /* RolodexTests.swift in Sources */,
			);
			runOnlyForDeploymentPostprocessing = 0;
		};
		49483FDF28298E0C000B7C87 /* Sources */ = {
			isa = PBXSourcesBuildPhase;
			buildActionMask = 2147483647;
			files = (
				49483FEA28298E0C000B7C87 /* RolodexUITestsLaunchTests.swift in Sources */,
				49483FE828298E0C000B7C87 /* RolodexUITests.swift in Sources */,
			);
			runOnlyForDeploymentPostprocessing = 0;
		};
/* End PBXSourcesBuildPhase section */

/* Begin PBXTargetDependency section */
		49483FDB28298E0C000B7C87 /* PBXTargetDependency */ = {
			isa = PBXTargetDependency;
			target = 49483FC228298E0B000B7C87 /* Rolodex */;
			targetProxy = 49483FDA28298E0C000B7C87 /* PBXContainerItemProxy */;
		};
		49483FE528298E0C000B7C87 /* PBXTargetDependency */ = {
			isa = PBXTargetDependency;
			target = 49483FC228298E0B000B7C87 /* Rolodex */;
			targetProxy = 49483FE428298E0C000B7C87 /* PBXContainerItemProxy */;
		};
/* End PBXTargetDependency section */

/* Begin PBXVariantGroup section */
		49483FD128298E0C000B7C87 /* LaunchScreen.storyboard */ = {
			isa = PBXVariantGroup;
			children = (
				49483FD228298E0C000B7C87 /* Base */,
			);
			name = LaunchScreen.storyboard;
			sourceTree = "<group>";
		};
/* End PBXVariantGroup section */

/* Begin XCBuildConfiguration section */
		49483FEB28298E0C000B7C87 /* Debug */ = {
			isa = XCBuildConfiguration;
			buildSettings = {
				ALWAYS_SEARCH_USER_PATHS = NO;
				CLANG_ANALYZER_NONNULL = YES;
				CLANG_ANALYZER_NUMBER_OBJECT_CONVERSION = YES_AGGRESSIVE;
				CLANG_CXX_LANGUAGE_STANDARD = "gnu++17";
				CLANG_CXX_LIBRARY = "libc++";
				CLANG_ENABLE_MODULES = YES;
				CLANG_ENABLE_OBJC_ARC = YES;
				CLANG_ENABLE_OBJC_WEAK = YES;
				CLANG_WARN_BLOCK_CAPTURE_AUTORELEASING = YES;
				CLANG_WARN_BOOL_CONVERSION = YES;
				CLANG_WARN_COMMA = YES;
				CLANG_WARN_CONSTANT_CONVERSION = YES;
				CLANG_WARN_DEPRECATED_OBJC_IMPLEMENTATIONS = YES;
				CLANG_WARN_DIRECT_OBJC_ISA_USAGE = YES_ERROR;
				CLANG_WARN_DOCUMENTATION_COMMENTS = YES;
				CLANG_WARN_EMPTY_BODY = YES;
				CLANG_WARN_ENUM_CONVERSION = YES;
				CLANG_WARN_INFINITE_RECURSION = YES;
				CLANG_WARN_INT_CONVERSION = YES;
				CLANG_WARN_NON_LITERAL_NULL_CONVERSION = YES;
				CLANG_WARN_OBJC_IMPLICIT_RETAIN_SELF = YES;
				CLANG_WARN_OBJC_LITERAL_CONVERSION = YES;
				CLANG_WARN_OBJC_ROOT_CLASS = YES_ERROR;
				CLANG_WARN_QUOTED_INCLUDE_IN_FRAMEWORK_HEADER = YES;
				CLANG_WARN_RANGE_LOOP_ANALYSIS = YES;
				CLANG_WARN_STRICT_PROTOTYPES = YES;
				CLANG_WARN_SUSPICIOUS_MOVE = YES;
				CLANG_WARN_UNGUARDED_AVAILABILITY = YES_AGGRESSIVE;
				CLANG_WARN_UNREACHABLE_CODE = YES;
				CLANG_WARN__DUPLICATE_METHOD_MATCH = YES;
				COPY_PHASE_STRIP = NO;
				DEBUG_INFORMATION_FORMAT = dwarf;
				ENABLE_STRICT_OBJC_MSGSEND = YES;
				ENABLE_TESTABILITY = YES;
				GCC_C_LANGUAGE_STANDARD = gnu11;
				GCC_DYNAMIC_NO_PIC = NO;
				GCC_NO_COMMON_BLOCKS = YES;
				GCC_OPTIMIZATION_LEVEL = 0;
				GCC_PREPROCESSOR_DEFINITIONS = (
					"DEBUG=1",
					"$(inherited)",
				);
				GCC_WARN_64_TO_32_BIT_CONVERSION = YES;
				GCC_WARN_ABOUT_RETURN_TYPE = YES_ERROR;
				GCC_WARN_UNDECLARED_SELECTOR = YES;
				GCC_WARN_UNINITIALIZED_AUTOS = YES_AGGRESSIVE;
				GCC_WARN_UNUSED_FUNCTION = YES;
				GCC_WARN_UNUSED_VARIABLE = YES;
				IPHONEOS_DEPLOYMENT_TARGET = 15.2;
				MTL_ENABLE_DEBUG_INFO = INCLUDE_SOURCE;
				MTL_FAST_MATH = YES;
				ONLY_ACTIVE_ARCH = YES;
				SDKROOT = iphoneos;
				SWIFT_ACTIVE_COMPILATION_CONDITIONS = DEBUG;
				SWIFT_OPTIMIZATION_LEVEL = "-Onone";
			};
			name = Debug;
		};
		49483FEC28298E0C000B7C87 /* Release */ = {
			isa = XCBuildConfiguration;
			buildSettings = {
				ALWAYS_SEARCH_USER_PATHS = NO;
				CLANG_ANALYZER_NONNULL = YES;
				CLANG_ANALYZER_NUMBER_OBJECT_CONVERSION = YES_AGGRESSIVE;
				CLANG_CXX_LANGUAGE_STANDARD = "gnu++17";
				CLANG_CXX_LIBRARY = "libc++";
				CLANG_ENABLE_MODULES = YES;
				CLANG_ENABLE_OBJC_ARC = YES;
				CLANG_ENABLE_OBJC_WEAK = YES;
				CLANG_WARN_BLOCK_CAPTURE_AUTORELEASING = YES;
				CLANG_WARN_BOOL_CONVERSION = YES;
				CLANG_WARN_COMMA = YES;
				CLANG_WARN_CONSTANT_CONVERSION = YES;
				CLANG_WARN_DEPRECATED_OBJC_IMPLEMENTATIONS = YES;
				CLANG_WARN_DIRECT_OBJC_ISA_USAGE = YES_ERROR;
				CLANG_WARN_DOCUMENTATION_COMMENTS = YES;
				CLANG_WARN_EMPTY_BODY = YES;
				CLANG_WARN_ENUM_CONVERSION = YES;
				CLANG_WARN_INFINITE_RECURSION = YES;
				CLANG_WARN_INT_CONVERSION = YES;
				CLANG_WARN_NON_LITERAL_NULL_CONVERSION = YES;
				CLANG_WARN_OBJC_IMPLICIT_RETAIN_SELF = YES;
				CLANG_WARN_OBJC_LITERAL_CONVERSION = YES;
				CLANG_WARN_OBJC_ROOT_CLASS = YES_ERROR;
				CLANG_WARN_QUOTED_INCLUDE_IN_FRAMEWORK_HEADER = YES;
				CLANG_WARN_RANGE_LOOP_ANALYSIS = YES;
				CLANG_WARN_STRICT_PROTOTYPES = YES;
				CLANG_WARN_SUSPICIOUS_MOVE = YES;
				CLANG_WARN_UNGUARDED_AVAILABILITY = YES_AGGRESSIVE;
				CLANG_WARN_UNREACHABLE_CODE = YES;
				CLANG_WARN__DUPLICATE_METHOD_MATCH = YES;
				COPY_PHASE_STRIP = NO;
				DEBUG_INFORMATION_FORMAT = "dwarf-with-dsym";
				ENABLE_NS_ASSERTIONS = NO;
				ENABLE_STRICT_OBJC_MSGSEND = YES;
				GCC_C_LANGUAGE_STANDARD = gnu11;
				GCC_NO_COMMON_BLOCKS = YES;
				GCC_WARN_64_TO_32_BIT_CONVERSION = YES;
				GCC_WARN_ABOUT_RETURN_TYPE = YES_ERROR;
				GCC_WARN_UNDECLARED_SELECTOR = YES;
				GCC_WARN_UNINITIALIZED_AUTOS = YES_AGGRESSIVE;
				GCC_WARN_UNUSED_FUNCTION = YES;
				GCC_WARN_UNUSED_VARIABLE = YES;
				IPHONEOS_DEPLOYMENT_TARGET = 15.2;
				MTL_ENABLE_DEBUG_INFO = NO;
				MTL_FAST_MATH = YES;
				SDKROOT = iphoneos;
				SWIFT_COMPILATION_MODE = wholemodule;
				SWIFT_OPTIMIZATION_LEVEL = "-O";
				VALIDATE_PRODUCT = YES;
			};
			name = Release;
		};
		49483FEE28298E0C000B7C87 /* Debug */ = {
			isa = XCBuildConfiguration;
			buildSettings = {
				ASSETCATALOG_COMPILER_APPICON_NAME = AppIcon;
				ASSETCATALOG_COMPILER_GLOBAL_ACCENT_COLOR_NAME = AccentColor;
				CODE_SIGN_STYLE = Automatic;
				CURRENT_PROJECT_VERSION = 1;
				DEVELOPMENT_TEAM = BNS58ZR5ZP;
				GENERATE_INFOPLIST_FILE = YES;
				INFOPLIST_FILE = Rolodex/Info.plist;
				INFOPLIST_KEY_UIApplicationSupportsIndirectInputEvents = YES;
				INFOPLIST_KEY_UILaunchStoryboardName = LaunchScreen;
				INFOPLIST_KEY_UISupportedInterfaceOrientations_iPad = "UIInterfaceOrientationPortrait UIInterfaceOrientationPortraitUpsideDown UIInterfaceOrientationLandscapeLeft UIInterfaceOrientationLandscapeRight";
				INFOPLIST_KEY_UISupportedInterfaceOrientations_iPhone = "UIInterfaceOrientationPortrait UIInterfaceOrientationLandscapeLeft UIInterfaceOrientationLandscapeRight";
				LD_RUNPATH_SEARCH_PATHS = (
					"$(inherited)",
					"@executable_path/Frameworks",
				);
				MARKETING_VERSION = 1.0;
				PRODUCT_BUNDLE_IDENTIFIER = com.matschmid.Rolodex;
				PRODUCT_NAME = "$(TARGET_NAME)";
				SWIFT_EMIT_LOC_STRINGS = YES;
				SWIFT_VERSION = 5.0;
				TARGETED_DEVICE_FAMILY = "1,2";
			};
			name = Debug;
		};
		49483FEF28298E0C000B7C87 /* Release */ = {
			isa = XCBuildConfiguration;
			buildSettings = {
				ASSETCATALOG_COMPILER_APPICON_NAME = AppIcon;
				ASSETCATALOG_COMPILER_GLOBAL_ACCENT_COLOR_NAME = AccentColor;
				CODE_SIGN_STYLE = Automatic;
				CURRENT_PROJECT_VERSION = 1;
				DEVELOPMENT_TEAM = BNS58ZR5ZP;
				GENERATE_INFOPLIST_FILE = YES;
				INFOPLIST_FILE = Rolodex/Info.plist;
				INFOPLIST_KEY_UIApplicationSupportsIndirectInputEvents = YES;
				INFOPLIST_KEY_UILaunchStoryboardName = LaunchScreen;
				INFOPLIST_KEY_UISupportedInterfaceOrientations_iPad = "UIInterfaceOrientationPortrait UIInterfaceOrientationPortraitUpsideDown UIInterfaceOrientationLandscapeLeft UIInterfaceOrientationLandscapeRight";
				INFOPLIST_KEY_UISupportedInterfaceOrientations_iPhone = "UIInterfaceOrientationPortrait UIInterfaceOrientationLandscapeLeft UIInterfaceOrientationLandscapeRight";
				LD_RUNPATH_SEARCH_PATHS = (
					"$(inherited)",
					"@executable_path/Frameworks",
				);
				MARKETING_VERSION = 1.0;
				PRODUCT_BUNDLE_IDENTIFIER = com.matschmid.Rolodex;
				PRODUCT_NAME = "$(TARGET_NAME)";
				SWIFT_EMIT_LOC_STRINGS = YES;
				SWIFT_VERSION = 5.0;
				TARGETED_DEVICE_FAMILY = "1,2";
			};
			name = Release;
		};
		49483FF128298E0C000B7C87 /* Debug */ = {
			isa = XCBuildConfiguration;
			buildSettings = {
				ALWAYS_EMBED_SWIFT_STANDARD_LIBRARIES = YES;
				BUNDLE_LOADER = "$(TEST_HOST)";
				CODE_SIGN_STYLE = Automatic;
				CURRENT_PROJECT_VERSION = 1;
				DEVELOPMENT_TEAM = BNS58ZR5ZP;
				GENERATE_INFOPLIST_FILE = YES;
				IPHONEOS_DEPLOYMENT_TARGET = 15.2;
				MARKETING_VERSION = 1.0;
				PRODUCT_BUNDLE_IDENTIFIER = com.matschmid.RolodexTests;
				PRODUCT_NAME = "$(TARGET_NAME)";
				SWIFT_EMIT_LOC_STRINGS = NO;
				SWIFT_VERSION = 5.0;
				TARGETED_DEVICE_FAMILY = "1,2";
				TEST_HOST = "$(BUILT_PRODUCTS_DIR)/Rolodex.app/Rolodex";
			};
			name = Debug;
		};
		49483FF228298E0C000B7C87 /* Release */ = {
			isa = XCBuildConfiguration;
			buildSettings = {
				ALWAYS_EMBED_SWIFT_STANDARD_LIBRARIES = YES;
				BUNDLE_LOADER = "$(TEST_HOST)";
				CODE_SIGN_STYLE = Automatic;
				CURRENT_PROJECT_VERSION = 1;
				DEVELOPMENT_TEAM = BNS58ZR5ZP;
				GENERATE_INFOPLIST_FILE = YES;
				IPHONEOS_DEPLOYMENT_TARGET = 15.2;
				MARKETING_VERSION = 1.0;
				PRODUCT_BUNDLE_IDENTIFIER = com.matschmid.RolodexTests;
				PRODUCT_NAME = "$(TARGET_NAME)";
				SWIFT_EMIT_LOC_STRINGS = NO;
				SWIFT_VERSION = 5.0;
				TARGETED_DEVICE_FAMILY = "1,2";
				TEST_HOST = "$(BUILT_PRODUCTS_DIR)/Rolodex.app/Rolodex";
			};
			name = Release;
		};
		49483FF428298E0C000B7C87 /* Debug */ = {
			isa = XCBuildConfiguration;
			buildSettings = {
				ALWAYS_EMBED_SWIFT_STANDARD_LIBRARIES = YES;
				CODE_SIGN_STYLE = Automatic;
				CURRENT_PROJECT_VERSION = 1;
				DEVELOPMENT_TEAM = BNS58ZR5ZP;
				GENERATE_INFOPLIST_FILE = YES;
				MARKETING_VERSION = 1.0;
				PRODUCT_BUNDLE_IDENTIFIER = com.matschmid.RolodexUITests;
				PRODUCT_NAME = "$(TARGET_NAME)";
				SWIFT_EMIT_LOC_STRINGS = NO;
				SWIFT_VERSION = 5.0;
				TARGETED_DEVICE_FAMILY = "1,2";
				TEST_TARGET_NAME = Rolodex;
			};
			name = Debug;
		};
		49483FF528298E0C000B7C87 /* Release */ = {
			isa = XCBuildConfiguration;
			buildSettings = {
				ALWAYS_EMBED_SWIFT_STANDARD_LIBRARIES = YES;
				CODE_SIGN_STYLE = Automatic;
				CURRENT_PROJECT_VERSION = 1;
				DEVELOPMENT_TEAM = BNS58ZR5ZP;
				GENERATE_INFOPLIST_FILE = YES;
				MARKETING_VERSION = 1.0;
				PRODUCT_BUNDLE_IDENTIFIER = com.matschmid.RolodexUITests;
				PRODUCT_NAME = "$(TARGET_NAME)";
				SWIFT_EMIT_LOC_STRINGS = NO;
				SWIFT_VERSION = 5.0;
				TARGETED_DEVICE_FAMILY = "1,2";
				TEST_TARGET_NAME = Rolodex;
			};
			name = Release;
		};
/* End XCBuildConfiguration section */

/* Begin XCConfigurationList section */
		49483FBE28298E0B000B7C87 /* Build configuration list for PBXProject "Rolodex" */ = {
			isa = XCConfigurationList;
			buildConfigurations = (
				49483FEB28298E0C000B7C87 /* Debug */,
				49483FEC28298E0C000B7C87 /* Release */,
			);
			defaultConfigurationIsVisible = 0;
			defaultConfigurationName = Release;
		};
		49483FED28298E0C000B7C87 /* Build configuration list for PBXNativeTarget "Rolodex" */ = {
			isa = XCConfigurationList;
			buildConfigurations = (
				49483FEE28298E0C000B7C87 /* Debug */,
				49483FEF28298E0C000B7C87 /* Release */,
			);
			defaultConfigurationIsVisible = 0;
			defaultConfigurationName = Release;
		};
		49483FF028298E0C000B7C87 /* Build configuration list for PBXNativeTarget "RolodexTests" */ = {
			isa = XCConfigurationList;
			buildConfigurations = (
				49483FF128298E0C000B7C87 /* Debug */,
				49483FF228298E0C000B7C87 /* Release */,
			);
			defaultConfigurationIsVisible = 0;
			defaultConfigurationName = Release;
		};
		49483FF328298E0C000B7C87 /* Build configuration list for PBXNativeTarget "RolodexUITests" */ = {
			isa = XCConfigurationList;
			buildConfigurations = (
				49483FF428298E0C000B7C87 /* Debug */,
				49483FF528298E0C000B7C87 /* Release */,
			);
			defaultConfigurationIsVisible = 0;
			defaultConfigurationName = Release;
		};
/* End XCConfigurationList section */
	};
	rootObject = 49483FBB28298E0B000B7C87 /* Project object */;
}
